
Microsoft Visual Studio Solution File, Format Version 12.00
# Visual Studio Version 17
VisualStudioVersion = 17.11.35327.3
MinimumVisualStudioVersion = 10.0.40219.1
Project("{FAE04EC0-301F-11D3-BF4B-00C04F79EFBC}") = "DbOperationWithEfCode", "DbOperationWithEfCode\DbOperationWithEfCode.csproj", "{48D9A2C5-BC58-4E59-BEE7-D5B201761BE0}"
EndProject
Global
	GlobalSection(SolutionConfigurationPlatforms) = preSolution
		Debug|Any CPU = Debug|Any CPU
		Release|Any CPU = Release|Any CPU
	EndGlobalSection
	GlobalSection(ProjectConfigurationPlatforms) = postSolution
		{48D9A2C5-BC58-4E59-BEE7-D5B201761BE0}.Debug|Any CPU.ActiveCfg = Debug|Any CPU
		{48D9A2C5-BC58-4E59-BEE7-D5B201761BE0}.Debug|Any CPU.Build.0 = Debug|Any CPU
		{48D9A2C5-BC58-4E59-BEE7-D5B201761BE0}.Release|Any CPU.ActiveCfg = Release|Any CPU
		{48D9A2C5-BC58-4E59-BEE7-D5B201761BE0}.Release|Any CPU.Build.0 = Release|Any CPU
	EndGlobalSection
	GlobalSection(SolutionProperties) = preSolution
		HideSolutionNode = FALSE
	EndGlobalSection
	GlobalSection(ExtensibilityGlobals) = postSolution
		SolutionGuid = {EADA750F-9EE8-4242-A01B-21D9AA53371A}
	EndGlobalSection
EndGlobal
